
Microsoft Visual Studio Solution File, Format Version 12.00
# Visual Studio 15
VisualStudioVersion = 15.0.28010.2003
MinimumVisualStudioVersion = 10.0.40219.1
Project("{2150E333-8FDC-42A3-9474-1A3956D46DE8}") = "Hello Rabbit", "Hello Rabbit", "{B7B5C0D9-45C2-4B5A-ADF8-70CA84A1DEA9}"
EndProject
Project("{9A19103F-16F7-4668-BE54-9A1E7A4F7556}") = "HelloRabbitProducer", "Hello Rabbit\HelloRabbitProducer\HelloRabbitProducer.csproj", "{707F4CEF-D6CE-4D99-8BD8-3170047E0741}"
EndProject
Project("{9A19103F-16F7-4668-BE54-9A1E7A4F7556}") = "HelloRabbitConsumer", "HelloRabbitConsumer\HelloRabbitConsumer.csproj", "{6FFF1981-2FA6-4388-AD1E-26A23D7AC8EE}"
EndProject
Project("{2150E333-8FDC-42A3-9474-1A3956D46DE8}") = "RPC", "RPC", "{0DEDE740-FA72-4548-B775-4F5C4C755D1F}"
EndProject
Project("{FAE04EC0-301F-11D3-BF4B-00C04F79EFBC}") = "RpcRabbitServer", "RPC\RpcRabbitServer\RpcRabbitServer.csproj", "{72DF4B88-BC32-487D-BB89-01E22B016D8A}"
EndProject
Project("{FAE04EC0-301F-11D3-BF4B-00C04F79EFBC}") = "RpcRabbitClient", "Rpc\RpcRabbitClient\RpcRabbitClient.csproj", "{AA225C20-4FB5-4666-8C04-CF0BC8F615E5}"
EndProject
Global
	GlobalSection(SolutionConfigurationPlatforms) = preSolution
		Debug|Any CPU = Debug|Any CPU
		Release|Any CPU = Release|Any CPU
	EndGlobalSection
	GlobalSection(ProjectConfigurationPlatforms) = postSolution
		{707F4CEF-D6CE-4D99-8BD8-3170047E0741}.Debug|Any CPU.ActiveCfg = Debug|Any CPU
		{707F4CEF-D6CE-4D99-8BD8-3170047E0741}.Debug|Any CPU.Build.0 = Debug|Any CPU
		{707F4CEF-D6CE-4D99-8BD8-3170047E0741}.Release|Any CPU.ActiveCfg = Release|Any CPU
		{707F4CEF-D6CE-4D99-8BD8-3170047E0741}.Release|Any CPU.Build.0 = Release|Any CPU
		{6FFF1981-2FA6-4388-AD1E-26A23D7AC8EE}.Debug|Any CPU.ActiveCfg = Debug|Any CPU
		{6FFF1981-2FA6-4388-AD1E-26A23D7AC8EE}.Debug|Any CPU.Build.0 = Debug|Any CPU
		{6FFF1981-2FA6-4388-AD1E-26A23D7AC8EE}.Release|Any CPU.ActiveCfg = Release|Any CPU
		{6FFF1981-2FA6-4388-AD1E-26A23D7AC8EE}.Release|Any CPU.Build.0 = Release|Any CPU
		{72DF4B88-BC32-487D-BB89-01E22B016D8A}.Debug|Any CPU.ActiveCfg = Debug|Any CPU
		{72DF4B88-BC32-487D-BB89-01E22B016D8A}.Debug|Any CPU.Build.0 = Debug|Any CPU
		{72DF4B88-BC32-487D-BB89-01E22B016D8A}.Release|Any CPU.ActiveCfg = Release|Any CPU
		{72DF4B88-BC32-487D-BB89-01E22B016D8A}.Release|Any CPU.Build.0 = Release|Any CPU
		{AA225C20-4FB5-4666-8C04-CF0BC8F615E5}.Debug|Any CPU.ActiveCfg = Debug|Any CPU
		{AA225C20-4FB5-4666-8C04-CF0BC8F615E5}.Debug|Any CPU.Build.0 = Debug|Any CPU
		{AA225C20-4FB5-4666-8C04-CF0BC8F615E5}.Release|Any CPU.ActiveCfg = Release|Any CPU
		{AA225C20-4FB5-4666-8C04-CF0BC8F615E5}.Release|Any CPU.Build.0 = Release|Any CPU
	EndGlobalSection
	GlobalSection(SolutionProperties) = preSolution
		HideSolutionNode = FALSE
	EndGlobalSection
	GlobalSection(NestedProjects) = preSolution
		{707F4CEF-D6CE-4D99-8BD8-3170047E0741} = {B7B5C0D9-45C2-4B5A-ADF8-70CA84A1DEA9}
		{6FFF1981-2FA6-4388-AD1E-26A23D7AC8EE} = {B7B5C0D9-45C2-4B5A-ADF8-70CA84A1DEA9}
		{72DF4B88-BC32-487D-BB89-01E22B016D8A} = {0DEDE740-FA72-4548-B775-4F5C4C755D1F}
		{AA225C20-4FB5-4666-8C04-CF0BC8F615E5} = {0DEDE740-FA72-4548-B775-4F5C4C755D1F}
	EndGlobalSection
	GlobalSection(ExtensibilityGlobals) = postSolution
		SolutionGuid = {55246CC4-9F72-4013-A11E-B89F6FB7F814}
	EndGlobalSection
EndGlobal
